
Microsoft Visual Studio Solution File, Format Version 12.00
# Visual Studio 2012
Project("{FAE04EC0-301F-11D3-BF4B-00C04F79EFBC}") = "Fireworks", "Fireworks\Fireworks.csproj", "{213F39F1-BE43-407F-A7A4-0A7117B2471C}"
EndProject
Global
	GlobalSection(SolutionConfigurationPlatforms) = preSolution
		Debug|iPhoneSimulator = Debug|iPhoneSimulator
		Release|iPhone = Release|iPhone
		Release|iPhoneSimulator = Release|iPhoneSimulator
		Debug|iPhone = Debug|iPhone
	EndGlobalSection
	GlobalSection(ProjectConfigurationPlatforms) = postSolution
		{213F39F1-BE43-407F-A7A4-0A7117B2471C}.Debug|iPhoneSimulator.ActiveCfg = Debug|iPhoneSimulator
		{213F39F1-BE43-407F-A7A4-0A7117B2471C}.Debug|iPhoneSimulator.Build.0 = Debug|iPhoneSimulator
		{213F39F1-BE43-407F-A7A4-0A7117B2471C}.Release|iPhone.ActiveCfg = Release|iPhone
		{213F39F1-BE43-407F-A7A4-0A7117B2471C}.Release|iPhone.Build.0 = Release|iPhone
		{213F39F1-BE43-407F-A7A4-0A7117B2471C}.Release|iPhoneSimulator.ActiveCfg = Release|iPhoneSimulator
		{213F39F1-BE43-407F-A7A4-0A7117B2471C}.Release|iPhoneSimulator.Build.0 = Release|iPhoneSimulator
		{213F39F1-BE43-407F-A7A4-0A7117B2471C}.Debug|iPhone.ActiveCfg = Debug|iPhone
		{213F39F1-BE43-407F-A7A4-0A7117B2471C}.Debug|iPhone.Build.0 = Debug|iPhone
	EndGlobalSection
EndGlobal
